
Microsoft Visual Studio Solution File, Format Version 12.00
# Visual Studio 15
Project("{FAE04EC0-301F-11D3-BF4B-00C04F79EFBC}") = "Applies_Hometask", "Applies_Hometask\Applies_Hometask.csproj", "{910261D2-EE64-4C63-B7E2-D3D3A158CF62}"
EndProject
Project("{FAE04EC0-301F-11D3-BF4B-00C04F79EFBC}") = "Applies_Test", "Applies_Test\Applies_Test.csproj", "{BF42485F-25F7-464A-B017-B65A5209FC0E}"
EndProject
Global
	GlobalSection(SolutionConfigurationPlatforms) = preSolution
		Debug|Any CPU = Debug|Any CPU
		Release|Any CPU = Release|Any CPU
	EndGlobalSection
	GlobalSection(ProjectConfigurationPlatforms) = postSolution
		{910261D2-EE64-4C63-B7E2-D3D3A158CF62}.Debug|Any CPU.ActiveCfg = Debug|Any CPU
		{910261D2-EE64-4C63-B7E2-D3D3A158CF62}.Debug|Any CPU.Build.0 = Debug|Any CPU
		{910261D2-EE64-4C63-B7E2-D3D3A158CF62}.Release|Any CPU.ActiveCfg = Release|Any CPU
		{910261D2-EE64-4C63-B7E2-D3D3A158CF62}.Release|Any CPU.Build.0 = Release|Any CPU
		{BF42485F-25F7-464A-B017-B65A5209FC0E}.Debug|Any CPU.ActiveCfg = Debug|Any CPU
		{BF42485F-25F7-464A-B017-B65A5209FC0E}.Debug|Any CPU.Build.0 = Debug|Any CPU
		{BF42485F-25F7-464A-B017-B65A5209FC0E}.Release|Any CPU.ActiveCfg = Release|Any CPU
		{BF42485F-25F7-464A-B017-B65A5209FC0E}.Release|Any CPU.Build.0 = Release|Any CPU
	EndGlobalSection
EndGlobal
