
Microsoft Visual Studio Solution File, Format Version 12.00
# Visual Studio 15
VisualStudioVersion = 15.0.28010.2036
MinimumVisualStudioVersion = 10.0.40219.1
Project("{FAE04EC0-301F-11D3-BF4B-00C04F79EFBC}") = "Leo-sprint", "Leo-sprint\Leo-sprint.csproj", "{5B0D4076-11AA-4C82-B4EE-4B682297E11B}"
EndProject
Project("{FAE04EC0-301F-11D3-BF4B-00C04F79EFBC}") = "SessionTest", "SessionTest\SessionTest.csproj", "{BDF09280-E31F-451D-9EEB-8782872ACF44}"
EndProject
Project("{9A19103F-16F7-4668-BE54-9A1E7A4F7556}") = "LEO-sprintAPI", "WebApplication1\LEO-sprintAPI.csproj", "{09F18761-E54A-45D1-B3AA-134404CC581A}"
EndProject
Global
	GlobalSection(SolutionConfigurationPlatforms) = preSolution
		Debug|Any CPU = Debug|Any CPU
		Release|Any CPU = Release|Any CPU
	EndGlobalSection
	GlobalSection(ProjectConfigurationPlatforms) = postSolution
		{5B0D4076-11AA-4C82-B4EE-4B682297E11B}.Debug|Any CPU.ActiveCfg = Debug|Any CPU
		{5B0D4076-11AA-4C82-B4EE-4B682297E11B}.Debug|Any CPU.Build.0 = Debug|Any CPU
		{5B0D4076-11AA-4C82-B4EE-4B682297E11B}.Release|Any CPU.ActiveCfg = Release|Any CPU
		{5B0D4076-11AA-4C82-B4EE-4B682297E11B}.Release|Any CPU.Build.0 = Release|Any CPU
		{BDF09280-E31F-451D-9EEB-8782872ACF44}.Debug|Any CPU.ActiveCfg = Debug|Any CPU
		{BDF09280-E31F-451D-9EEB-8782872ACF44}.Debug|Any CPU.Build.0 = Debug|Any CPU
		{BDF09280-E31F-451D-9EEB-8782872ACF44}.Release|Any CPU.ActiveCfg = Release|Any CPU
		{BDF09280-E31F-451D-9EEB-8782872ACF44}.Release|Any CPU.Build.0 = Release|Any CPU
		{09F18761-E54A-45D1-B3AA-134404CC581A}.Debug|Any CPU.ActiveCfg = Debug|Any CPU
		{09F18761-E54A-45D1-B3AA-134404CC581A}.Debug|Any CPU.Build.0 = Debug|Any CPU
		{09F18761-E54A-45D1-B3AA-134404CC581A}.Release|Any CPU.ActiveCfg = Release|Any CPU
		{09F18761-E54A-45D1-B3AA-134404CC581A}.Release|Any CPU.Build.0 = Release|Any CPU
	EndGlobalSection
	GlobalSection(SolutionProperties) = preSolution
		HideSolutionNode = FALSE
	EndGlobalSection
	GlobalSection(ExtensibilityGlobals) = postSolution
		SolutionGuid = {4458E466-2C46-4ABC-8F0F-96F1AD55B334}
	EndGlobalSection
EndGlobal
