
Microsoft Visual Studio Solution File, Format Version 12.00
# Visual Studio 15
VisualStudioVersion = 15.0.28010.2041
MinimumVisualStudioVersion = 10.0.40219.1
Project("{FAE04EC0-301F-11D3-BF4B-00C04F79EFBC}") = "CarRent", "CarRent\CarRent.csproj", "{DAE9ABAA-B382-41C0-B0EE-49C67F29B0DB}"
EndProject
Project("{FAE04EC0-301F-11D3-BF4B-00C04F79EFBC}") = "CarRentTest", "CarRentTest\CarRentTest.csproj", "{23CE3592-96D4-4DA6-BFAD-9E86216EAC72}"
EndProject
Global
	GlobalSection(SolutionConfigurationPlatforms) = preSolution
		Debug|Any CPU = Debug|Any CPU
		Release|Any CPU = Release|Any CPU
	EndGlobalSection
	GlobalSection(ProjectConfigurationPlatforms) = postSolution
		{DAE9ABAA-B382-41C0-B0EE-49C67F29B0DB}.Debug|Any CPU.ActiveCfg = Debug|Any CPU
		{DAE9ABAA-B382-41C0-B0EE-49C67F29B0DB}.Debug|Any CPU.Build.0 = Debug|Any CPU
		{DAE9ABAA-B382-41C0-B0EE-49C67F29B0DB}.Release|Any CPU.ActiveCfg = Release|Any CPU
		{DAE9ABAA-B382-41C0-B0EE-49C67F29B0DB}.Release|Any CPU.Build.0 = Release|Any CPU
		{23CE3592-96D4-4DA6-BFAD-9E86216EAC72}.Debug|Any CPU.ActiveCfg = Debug|Any CPU
		{23CE3592-96D4-4DA6-BFAD-9E86216EAC72}.Debug|Any CPU.Build.0 = Debug|Any CPU
		{23CE3592-96D4-4DA6-BFAD-9E86216EAC72}.Release|Any CPU.ActiveCfg = Release|Any CPU
		{23CE3592-96D4-4DA6-BFAD-9E86216EAC72}.Release|Any CPU.Build.0 = Release|Any CPU
	EndGlobalSection
	GlobalSection(SolutionProperties) = preSolution
		HideSolutionNode = FALSE
	EndGlobalSection
	GlobalSection(ExtensibilityGlobals) = postSolution
		SolutionGuid = {5920830F-E254-4561-9061-714535965A46}
	EndGlobalSection
EndGlobal
