
Microsoft Visual Studio Solution File, Format Version 12.00
# Visual Studio 15
Project("{FAE04EC0-301F-11D3-BF4B-00C04F79EFBC}") = "CarRent", "CarRent\CarRent.csproj", "{632C0D57-B891-432F-B6FF-A56594230B33}"
EndProject
Project("{FAE04EC0-301F-11D3-BF4B-00C04F79EFBC}") = "CarRentTests", "CarRentTests\CarRentTests.csproj", "{0643AD38-22ED-4951-BF44-9ECFD8B5557F}"
EndProject
Global
	GlobalSection(SolutionConfigurationPlatforms) = preSolution
		Debug|Any CPU = Debug|Any CPU
		Release|Any CPU = Release|Any CPU
	EndGlobalSection
	GlobalSection(ProjectConfigurationPlatforms) = postSolution
		{632C0D57-B891-432F-B6FF-A56594230B33}.Debug|Any CPU.ActiveCfg = Debug|Any CPU
		{632C0D57-B891-432F-B6FF-A56594230B33}.Debug|Any CPU.Build.0 = Debug|Any CPU
		{632C0D57-B891-432F-B6FF-A56594230B33}.Release|Any CPU.ActiveCfg = Release|Any CPU
		{632C0D57-B891-432F-B6FF-A56594230B33}.Release|Any CPU.Build.0 = Release|Any CPU
		{0643AD38-22ED-4951-BF44-9ECFD8B5557F}.Debug|Any CPU.ActiveCfg = Debug|Any CPU
		{0643AD38-22ED-4951-BF44-9ECFD8B5557F}.Debug|Any CPU.Build.0 = Debug|Any CPU
		{0643AD38-22ED-4951-BF44-9ECFD8B5557F}.Release|Any CPU.ActiveCfg = Release|Any CPU
		{0643AD38-22ED-4951-BF44-9ECFD8B5557F}.Release|Any CPU.Build.0 = Release|Any CPU
	EndGlobalSection
EndGlobal
