
Microsoft Visual Studio Solution File, Format Version 12.00
# Visual Studio 15
VisualStudioVersion = 15.0.27130.2027
MinimumVisualStudioVersion = 10.0.40219.1
Project("{FAE04EC0-301F-11D3-BF4B-00C04F79EFBC}") = "LoDChat", "LoDChat\LoDChat.csproj", "{CE74C021-E869-4C92-8B1C-7919D3DD9E71}"
EndProject
Project("{FAE04EC0-301F-11D3-BF4B-00C04F79EFBC}") = "LoDChat.Tests", "LoDChat.Tests\LoDChat.Tests.csproj", "{1A33B4EA-2BB7-45A3-B47E-188C4BFF224C}"
EndProject
Global
	GlobalSection(SolutionConfigurationPlatforms) = preSolution
		Debug|Any CPU = Debug|Any CPU
		Release|Any CPU = Release|Any CPU
	EndGlobalSection
	GlobalSection(ProjectConfigurationPlatforms) = postSolution
		{CE74C021-E869-4C92-8B1C-7919D3DD9E71}.Debug|Any CPU.ActiveCfg = Debug|Any CPU
		{CE74C021-E869-4C92-8B1C-7919D3DD9E71}.Debug|Any CPU.Build.0 = Debug|Any CPU
		{CE74C021-E869-4C92-8B1C-7919D3DD9E71}.Release|Any CPU.ActiveCfg = Release|Any CPU
		{CE74C021-E869-4C92-8B1C-7919D3DD9E71}.Release|Any CPU.Build.0 = Release|Any CPU
		{1A33B4EA-2BB7-45A3-B47E-188C4BFF224C}.Debug|Any CPU.ActiveCfg = Debug|Any CPU
		{1A33B4EA-2BB7-45A3-B47E-188C4BFF224C}.Debug|Any CPU.Build.0 = Debug|Any CPU
		{1A33B4EA-2BB7-45A3-B47E-188C4BFF224C}.Release|Any CPU.ActiveCfg = Release|Any CPU
		{1A33B4EA-2BB7-45A3-B47E-188C4BFF224C}.Release|Any CPU.Build.0 = Release|Any CPU
	EndGlobalSection
	GlobalSection(SolutionProperties) = preSolution
		HideSolutionNode = FALSE
	EndGlobalSection
	GlobalSection(ExtensibilityGlobals) = postSolution
		SolutionGuid = {91A731D9-8390-468B-A15B-AAC8BE7D598D}
	EndGlobalSection
EndGlobal
