
Microsoft Visual Studio Solution File, Format Version 12.00
# Visual Studio 15
Project("{FAE04EC0-301F-11D3-BF4B-00C04F79EFBC}") = "SE_HW_3", "SE_HW_3\SE_HW_3.csproj", "{F6471EDA-4566-4A6E-8519-00548DAE57D4}"
EndProject
Project("{FAE04EC0-301F-11D3-BF4B-00C04F79EFBC}") = "SE_HW_3_Tests", "SE_HW_3_Tests\SE_HW_3_Tests.csproj", "{AFCF4AD0-AB83-4DE3-996F-E8556DC467E1}"
EndProject
Global
	GlobalSection(SolutionConfigurationPlatforms) = preSolution
		Debug|Any CPU = Debug|Any CPU
		Release|Any CPU = Release|Any CPU
	EndGlobalSection
	GlobalSection(ProjectConfigurationPlatforms) = postSolution
		{F6471EDA-4566-4A6E-8519-00548DAE57D4}.Debug|Any CPU.ActiveCfg = Debug|Any CPU
		{F6471EDA-4566-4A6E-8519-00548DAE57D4}.Debug|Any CPU.Build.0 = Debug|Any CPU
		{F6471EDA-4566-4A6E-8519-00548DAE57D4}.Release|Any CPU.ActiveCfg = Release|Any CPU
		{F6471EDA-4566-4A6E-8519-00548DAE57D4}.Release|Any CPU.Build.0 = Release|Any CPU
		{AFCF4AD0-AB83-4DE3-996F-E8556DC467E1}.Debug|Any CPU.ActiveCfg = Debug|Any CPU
		{AFCF4AD0-AB83-4DE3-996F-E8556DC467E1}.Debug|Any CPU.Build.0 = Debug|Any CPU
		{AFCF4AD0-AB83-4DE3-996F-E8556DC467E1}.Release|Any CPU.ActiveCfg = Release|Any CPU
		{AFCF4AD0-AB83-4DE3-996F-E8556DC467E1}.Release|Any CPU.Build.0 = Release|Any CPU
	EndGlobalSection
EndGlobal
